// !$*UTF8*$!
{
	archiveVersion = 1;
	classes = {
	};
	objectVersion = 46;
	objects = {

/* Begin PBXBuildFile section */
		52C01BD91A8CE1280051975B /* main.m in Sources */ = {isa = PBXBuildFile; fileRef = 52C01BD81A8CE1280051975B /* main.m */; };
		52C01BDC1A8CE1280051975B /* AppDelegate.m in Sources */ = {isa = PBXBuildFile; fileRef = 52C01BDB1A8CE1280051975B /* AppDelegate.m */; };
		52C01BDF1A8CE1280051975B /* Horoscope.xcdatamodeld in Sources */ = {isa = PBXBuildFile; fileRef = 52C01BDD1A8CE1280051975B /* Horoscope.xcdatamodeld */; };
		52C01BE21A8CE1280051975B /* ViewController.m in Sources */ = {isa = PBXBuildFile; fileRef = 52C01BE11A8CE1280051975B /* ViewController.m */; };
		52C01BE51A8CE1280051975B /* Main.storyboard in Resources */ = {isa = PBXBuildFile; fileRef = 52C01BE31A8CE1280051975B /* Main.storyboard */; };
		52C01BE71A8CE1280051975B /* Images.xcassets in Resources */ = {isa = PBXBuildFile; fileRef = 52C01BE61A8CE1280051975B /* Images.xcassets */; };
		52C01BEA1A8CE1280051975B /* LaunchScreen.xib in Resources */ = {isa = PBXBuildFile; fileRef = 52C01BE81A8CE1280051975B /* LaunchScreen.xib */; };
		52C01BF61A8CE1280051975B /* HoroscopeTests.m in Sources */ = {isa = PBXBuildFile; fileRef = 52C01BF51A8CE1280051975B /* HoroscopeTests.m */; };
		52C01C001A8CF6120051975B /* Podfile in Resources */ = {isa = PBXBuildFile; fileRef = 52C01BFF1A8CF6120051975B /* Podfile */; };
/* End PBXBuildFile section */

/* Begin PBXContainerItemProxy section */
		52C01BF01A8CE1280051975B /* PBXContainerItemProxy */ = {
			isa = PBXContainerItemProxy;
			containerPortal = 52C01BCB1A8CE1280051975B /* Project object */;
			proxyType = 1;
			remoteGlobalIDString = 52C01BD21A8CE1280051975B;
			remoteInfo = Horoscope;
		};
/* End PBXContainerItemProxy section */

/* Begin PBXFileReference section */
		52C01BD31A8CE1280051975B /* Horoscope.app */ = {isa = PBXFileReference; explicitFileType = wrapper.application; includeInIndex = 0; path = Horoscope.app; sourceTree = BUILT_PRODUCTS_DIR; };
		52C01BD71A8CE1280051975B /* Info.plist */ = {isa = PBXFileReference; lastKnownFileType = text.plist.xml; path = Info.plist; sourceTree = "<group>"; };
		52C01BD81A8CE1280051975B /* main.m */ = {isa = PBXFileReference; lastKnownFileType = sourcecode.c.objc; path = main.m; sourceTree = "<group>"; };
		52C01BDA1A8CE1280051975B /* AppDelegate.h */ = {isa = PBXFileReference; lastKnownFileType = sourcecode.c.h; path = AppDelegate.h; sourceTree = "<group>"; };
		52C01BDB1A8CE1280051975B /* AppDelegate.m */ = {isa = PBXFileReference; lastKnownFileType = sourcecode.c.objc; path = AppDelegate.m; sourceTree = "<group>"; };
		52C01BDE1A8CE1280051975B /* Horoscope.xcdatamodel */ = {isa = PBXFileReference; lastKnownFileType = wrapper.xcdatamodel; path = Horoscope.xcdatamodel; sourceTree = "<group>"; };
		52C01BE01A8CE1280051975B /* ViewController.h */ = {isa = PBXFileReference; lastKnownFileType = sourcecode.c.h; path = ViewController.h; sourceTree = "<group>"; };
		52C01BE11A8CE1280051975B /* ViewController.m */ = {isa = PBXFileReference; lastKnownFileType = sourcecode.c.objc; path = ViewController.m; sourceTree = "<group>"; };
		52C01BE41A8CE1280051975B /* Base */ = {isa = PBXFileReference; lastKnownFileType = file.storyboard; name = Base; path = Base.lproj/Main.storyboard; sourceTree = "<group>"; };
		52C01BE61A8CE1280051975B /* Images.xcassets */ = {isa = PBXFileReference; lastKnownFileType = folder.assetcatalog; path = Images.xcassets; sourceTree = "<group>"; };
		52C01BE91A8CE1280051975B /* Base */ = {isa = PBXFileReference; lastKnownFileType = file.xib; name = Base; path = Base.lproj/LaunchScreen.xib; sourceTree = "<group>"; };
		52C01BEF1A8CE1280051975B /* HoroscopeTests.xctest */ = {isa = PBXFileReference; explicitFileType = wrapper.cfbundle; includeInIndex = 0; path = HoroscopeTests.xctest; sourceTree = BUILT_PRODUCTS_DIR; };
		52C01BF41A8CE1280051975B /* Info.plist */ = {isa = PBXFileReference; lastKnownFileType = text.plist.xml; path = Info.plist; sourceTree = "<group>"; };
		52C01BF51A8CE1280051975B /* HoroscopeTests.m */ = {isa = PBXFileReference; lastKnownFileType = sourcecode.c.objc; path = HoroscopeTests.m; sourceTree = "<group>"; };
		52C01BFF1A8CF6120051975B /* Podfile */ = {isa = PBXFileReference; fileEncoding = 4; lastKnownFileType = text; path = Podfile; sourceTree = "<group>"; };
/* End PBXFileReference section */

/* Begin PBXFrameworksBuildPhase section */
		52C01BD01A8CE1280051975B /* Frameworks */ = {
			isa = PBXFrameworksBuildPhase;
			buildActionMask = 2147483647;
			files = (
			);
			runOnlyForDeploymentPostprocessing = 0;
		};
		52C01BEC1A8CE1280051975B /* Frameworks */ = {
			isa = PBXFrameworksBuildPhase;
			buildActionMask = 2147483647;
			files = (
			);
			runOnlyForDeploymentPostprocessing = 0;
		};
/* End PBXFrameworksBuildPhase section */

/* Begin PBXGroup section */
		52C01BCA1A8CE1280051975B = {
			isa = PBXGroup;
			children = (
				52C01BFF1A8CF6120051975B /* Podfile */,
				52C01BD51A8CE1280051975B /* Horoscope */,
				52C01BF21A8CE1280051975B /* HoroscopeTests */,
				52C01BD41A8CE1280051975B /* Products */,
			);
			sourceTree = "<group>";
		};
		52C01BD41A8CE1280051975B /* Products */ = {
			isa = PBXGroup;
			children = (
				52C01BD31A8CE1280051975B /* Horoscope.app */,
				52C01BEF1A8CE1280051975B /* HoroscopeTests.xctest */,
			);
			name = Products;
			sourceTree = "<group>";
		};
		52C01BD51A8CE1280051975B /* Horoscope */ = {
			isa = PBXGroup;
			children = (
				52C01BDA1A8CE1280051975B /* AppDelegate.h */,
				52C01BDB1A8CE1280051975B /* AppDelegate.m */,
				52C01BE01A8CE1280051975B /* ViewController.h */,
				52C01BE11A8CE1280051975B /* ViewController.m */,
				52C01BE31A8CE1280051975B /* Main.storyboard */,
				52C01BE61A8CE1280051975B /* Images.xcassets */,
				52C01BE81A8CE1280051975B /* LaunchScreen.xib */,
				52C01BDD1A8CE1280051975B /* Horoscope.xcdatamodeld */,
				52C01BD61A8CE1280051975B /* Supporting Files */,
			);
			path = Horoscope;
			sourceTree = "<group>";
		};
		52C01BD61A8CE1280051975B /* Supporting Files */ = {
			isa = PBXGroup;
			children = (
				52C01BD71A8CE1280051975B /* Info.plist */,
				52C01BD81A8CE1280051975B /* main.m */,
			);
			name = "Supporting Files";
			sourceTree = "<group>";
		};
		52C01BF21A8CE1280051975B /* HoroscopeTests */ = {
			isa = PBXGroup;
			children = (
				52C01BF51A8CE1280051975B /* HoroscopeTests.m */,
				52C01BF31A8CE1280051975B /* Supporting Files */,
			);
			path = HoroscopeTests;
			sourceTree = "<group>";
		};
		52C01BF31A8CE1280051975B /* Supporting Files */ = {
			isa = PBXGroup;
			children = (
				52C01BF41A8CE1280051975B /* Info.plist */,
			);
			name = "Supporting Files";
			sourceTree = "<group>";
		};
/* End PBXGroup section */

/* Begin PBXNativeTarget section */
		52C01BD21A8CE1280051975B /* Horoscope */ = {
			isa = PBXNativeTarget;
			buildConfigurationList = 52C01BF91A8CE1280051975B /* Build configuration list for PBXNativeTarget "Horoscope" */;
			buildPhases = (
				52C01BCF1A8CE1280051975B /* Sources */,
				52C01BD01A8CE1280051975B /* Frameworks */,
				52C01BD11A8CE1280051975B /* Resources */,
			);
			buildRules = (
			);
			dependencies = (
			);
			name = Horoscope;
			productName = Horoscope;
			productReference = 52C01BD31A8CE1280051975B /* Horoscope.app */;
			productType = "com.apple.product-type.application";
		};
		52C01BEE1A8CE1280051975B /* HoroscopeTests */ = {
			isa = PBXNativeTarget;
			buildConfigurationList = 52C01BFC1A8CE1280051975B /* Build configuration list for PBXNativeTarget "HoroscopeTests" */;
			buildPhases = (
				52C01BEB1A8CE1280051975B /* Sources */,
				52C01BEC1A8CE1280051975B /* Frameworks */,
				52C01BED1A8CE1280051975B /* Resources */,
			);
			buildRules = (
			);
			dependencies = (
				52C01BF11A8CE1280051975B /* PBXTargetDependency */,
			);
			name = HoroscopeTests;
			productName = HoroscopeTests;
			productReference = 52C01BEF1A8CE1280051975B /* HoroscopeTests.xctest */;
			productType = "com.apple.product-type.bundle.unit-test";
		};
/* End PBXNativeTarget section */

/* Begin PBXProject section */
		52C01BCB1A8CE1280051975B /* Project object */ = {
			isa = PBXProject;
			attributes = {
				LastUpgradeCheck = 0610;
				ORGANIZATIONNAME = "Sokolov Victor";
				TargetAttributes = {
					52C01BD21A8CE1280051975B = {
						CreatedOnToolsVersion = 6.1.1;
					};
					52C01BEE1A8CE1280051975B = {
						CreatedOnToolsVersion = 6.1.1;
						TestTargetID = 52C01BD21A8CE1280051975B;
					};
				};
			};
			buildConfigurationList = 52C01BCE1A8CE1280051975B /* Build configuration list for PBXProject "Horoscope" */;
			compatibilityVersion = "Xcode 3.2";
			developmentRegion = English;
			hasScannedForEncodings = 0;
			knownRegions = (
				en,
				Base,
			);
			mainGroup = 52C01BCA1A8CE1280051975B;
			productRefGroup = 52C01BD41A8CE1280051975B /* Products */;
			projectDirPath = "";
			projectRoot = "";
			targets = (
				52C01BD21A8CE1280051975B /* Horoscope */,
				52C01BEE1A8CE1280051975B /* HoroscopeTests */,
			);
		};
/* End PBXProject section */

/* Begin PBXResourcesBuildPhase section */
		52C01BD11A8CE1280051975B /* Resources */ = {
			isa = PBXResourcesBuildPhase;
			buildActionMask = 2147483647;
			files = (
				52C01BE51A8CE1280051975B /* Main.storyboard in Resources */,
				52C01BEA1A8CE1280051975B /* LaunchScreen.xib in Resources */,
				52C01C001A8CF6120051975B /* Podfile in Resources */,
				52C01BE71A8CE1280051975B /* Images.xcassets in Resources */,
			);
			runOnlyForDeploymentPostprocessing = 0;
		};
		52C01BED1A8CE1280051975B /* Resources */ = {
			isa = PBXResourcesBuildPhase;
			buildActionMask = 2147483647;
			files = (
			);
			runOnlyForDeploymentPostprocessing = 0;
		};
/* End PBXResourcesBuildPhase section */

/* Begin PBXSourcesBuildPhase section */
		52C01BCF1A8CE1280051975B /* Sources */ = {
			isa = PBXSourcesBuildPhase;
			buildActionMask = 2147483647;
			files = (
				52C01BDF1A8CE1280051975B /* Horoscope.xcdatamodeld in Sources */,
				52C01BDC1A8CE1280051975B /* AppDelegate.m in Sources */,
				52C01BE21A8CE1280051975B /* ViewController.m in Sources */,
				52C01BD91A8CE1280051975B /* main.m in Sources */,
			);
			runOnlyForDeploymentPostprocessing = 0;
		};
		52C01BEB1A8CE1280051975B /* Sources */ = {
			isa = PBXSourcesBuildPhase;
			buildActionMask = 2147483647;
			files = (
				52C01BF61A8CE1280051975B /* HoroscopeTests.m in Sources */,
			);
			runOnlyForDeploymentPostprocessing = 0;
		};
/* End PBXSourcesBuildPhase section */

/* Begin PBXTargetDependency section */
		52C01BF11A8CE1280051975B /* PBXTargetDependency */ = {
			isa = PBXTargetDependency;
			target = 52C01BD21A8CE1280051975B /* Horoscope */;
			targetProxy = 52C01BF01A8CE1280051975B /* PBXContainerItemProxy */;
		};
/* End PBXTargetDependency section */

/* Begin PBXVariantGroup section */
		52C01BE31A8CE1280051975B /* Main.storyboard */ = {
			isa = PBXVariantGroup;
			children = (
				52C01BE41A8CE1280051975B /* Base */,
			);
			name = Main.storyboard;
			sourceTree = "<group>";
		};
		52C01BE81A8CE1280051975B /* LaunchScreen.xib */ = {
			isa = PBXVariantGroup;
			children = (
				52C01BE91A8CE1280051975B /* Base */,
			);
			name = LaunchScreen.xib;
			sourceTree = "<group>";
		};
/* End PBXVariantGroup section */

/* Begin XCBuildConfiguration section */
		52C01BF71A8CE1280051975B /* Debug */ = {
			isa = XCBuildConfiguration;
			buildSettings = {
				ALWAYS_SEARCH_USER_PATHS = NO;
				CLANG_CXX_LANGUAGE_STANDARD = "gnu++0x";
				CLANG_CXX_LIBRARY = "libc++";
				CLANG_ENABLE_MODULES = YES;
				CLANG_ENABLE_OBJC_ARC = YES;
				CLANG_WARN_BOOL_CONVERSION = YES;
				CLANG_WARN_CONSTANT_CONVERSION = YES;
				CLANG_WARN_DIRECT_OBJC_ISA_USAGE = YES_ERROR;
				CLANG_WARN_EMPTY_BODY = YES;
				CLANG_WARN_ENUM_CONVERSION = YES;
				CLANG_WARN_INT_CONVERSION = YES;
				CLANG_WARN_OBJC_ROOT_CLASS = YES_ERROR;
				CLANG_WARN_UNREACHABLE_CODE = YES;
				CLANG_WARN__DUPLICATE_METHOD_MATCH = YES;
				"CODE_SIGN_IDENTITY[sdk=iphoneos*]" = "iPhone Developer";
				COPY_PHASE_STRIP = NO;
				ENABLE_STRICT_OBJC_MSGSEND = YES;
				GCC_C_LANGUAGE_STANDARD = gnu99;
				GCC_DYNAMIC_NO_PIC = NO;
				GCC_OPTIMIZATION_LEVEL = 0;
				GCC_PREPROCESSOR_DEFINITIONS = (
					"DEBUG=1",
					"$(inherited)",
				);
				GCC_SYMBOLS_PRIVATE_EXTERN = NO;
				GCC_WARN_64_TO_32_BIT_CONVERSION = YES;
				GCC_WARN_ABOUT_RETURN_TYPE = YES_ERROR;
				GCC_WARN_UNDECLARED_SELECTOR = YES;
				GCC_WARN_UNINITIALIZED_AUTOS = YES_AGGRESSIVE;
				GCC_WARN_UNUSED_FUNCTION = YES;
				GCC_WARN_UNUSED_VARIABLE = YES;
				IPHONEOS_DEPLOYMENT_TARGET = 8.1;
				MTL_ENABLE_DEBUG_INFO = YES;
				ONLY_ACTIVE_ARCH = YES;
				SDKROOT = iphoneos;
				TARGETED_DEVICE_FAMILY = "1,2";
			};
			name = Debug;
		};
		52C01BF81A8CE1280051975B /* Release */ = {
			isa = XCBuildConfiguration;
			buildSettings = {
				ALWAYS_SEARCH_USER_PATHS = NO;
				CLANG_CXX_LANGUAGE_STANDARD = "gnu++0x";
				CLANG_CXX_LIBRARY = "libc++";
				CLANG_ENABLE_MODULES = YES;
				CLANG_ENABLE_OBJC_ARC = YES;
				CLANG_WARN_BOOL_CONVERSION = YES;
				CLANG_WARN_CONSTANT_CONVERSION = YES;
				CLANG_WARN_DIRECT_OBJC_ISA_USAGE = YES_ERROR;
				CLANG_WARN_EMPTY_BODY = YES;
				CLANG_WARN_ENUM_CONVERSION = YES;
				CLANG_WARN_INT_CONVERSION = YES;
				CLANG_WARN_OBJC_ROOT_CLASS = YES_ERROR;
				CLANG_WARN_UNREACHABLE_CODE = YES;
				CLANG_WARN__DUPLICATE_METHOD_MATCH = YES;
				"CODE_SIGN_IDENTITY[sdk=iphoneos*]" = "iPhone Developer";
				COPY_PHASE_STRIP = YES;
				ENABLE_NS_ASSERTIONS = NO;
				ENABLE_STRICT_OBJC_MSGSEND = YES;
				GCC_C_LANGUAGE_STANDARD = gnu99;
				GCC_WARN_64_TO_32_BIT_CONVERSION = YES;
				GCC_WARN_ABOUT_RETURN_TYPE = YES_ERROR;
				GCC_WARN_UNDECLARED_SELECTOR = YES;
				GCC_WARN_UNINITIALIZED_AUTOS = YES_AGGRESSIVE;
				GCC_WARN_UNUSED_FUNCTION = YES;
				GCC_WARN_UNUSED_VARIABLE = YES;
				IPHONEOS_DEPLOYMENT_TARGET = 8.1;
				MTL_ENABLE_DEBUG_INFO = NO;
				SDKROOT = iphoneos;
				TARGETED_DEVICE_FAMILY = "1,2";
				VALIDATE_PRODUCT = YES;
			};
			name = Release;
		};
		52C01BFA1A8CE1280051975B /* Debug */ = {
			isa = XCBuildConfiguration;
			buildSettings = {
				ASSETCATALOG_COMPILER_APPICON_NAME = AppIcon;
				CODE_SIGN_IDENTITY = "iPhone Developer";
				INFOPLIST_FILE = Horoscope/Info.plist;
				LD_RUNPATH_SEARCH_PATHS = "$(inherited) @executable_path/Frameworks";
				PRODUCT_NAME = "$(TARGET_NAME)";
			};
			name = Debug;
		};
		52C01BFB1A8CE1280051975B /* Release */ = {
			isa = XCBuildConfiguration;
			buildSettings = {
				ASSETCATALOG_COMPILER_APPICON_NAME = AppIcon;
				CODE_SIGN_IDENTITY = "iPhone Developer";
				INFOPLIST_FILE = Horoscope/Info.plist;
				LD_RUNPATH_SEARCH_PATHS = "$(inherited) @executable_path/Frameworks";
				PRODUCT_NAME = "$(TARGET_NAME)";
			};
			name = Release;
		};
		52C01BFD1A8CE1280051975B /* Debug */ = {
			isa = XCBuildConfiguration;
			buildSettings = {
				BUNDLE_LOADER = "$(TEST_HOST)";
				FRAMEWORK_SEARCH_PATHS = (
					"$(SDKROOT)/Developer/Library/Frameworks",
					"$(inherited)",
				);
				GCC_PREPROCESSOR_DEFINITIONS = (
					"DEBUG=1",
					"$(inherited)",
				);
				INFOPLIST_FILE = HoroscopeTests/Info.plist;
				LD_RUNPATH_SEARCH_PATHS = "$(inherited) @executable_path/Frameworks @loader_path/Frameworks";
				PRODUCT_NAME = "$(TARGET_NAME)";
				TEST_HOST = "$(BUILT_PRODUCTS_DIR)/Horoscope.app/Horoscope";
			};
			name = Debug;
		};
		52C01BFE1A8CE1280051975B /* Release */ = {
			isa = XCBuildConfiguration;
			buildSettings = {
				BUNDLE_LOADER = "$(TEST_HOST)";
				FRAMEWORK_SEARCH_PATHS = (
					"$(SDKROOT)/Developer/Library/Frameworks",
					"$(inherited)",
				);
				INFOPLIST_FILE = HoroscopeTests/Info.plist;
				LD_RUNPATH_SEARCH_PATHS = "$(inherited) @executable_path/Frameworks @loader_path/Frameworks";
				PRODUCT_NAME = "$(TARGET_NAME)";
				TEST_HOST = "$(BUILT_PRODUCTS_DIR)/Horoscope.app/Horoscope";
			};
			name = Release;
		};
/* End XCBuildConfiguration section */

/* Begin XCConfigurationList section */
		52C01BCE1A8CE1280051975B /* Build configuration list for PBXProject "Horoscope" */ = {
			isa = XCConfigurationList;
			buildConfigurations = (
				52C01BF71A8CE1280051975B /* Debug */,
				52C01BF81A8CE1280051975B /* Release */,
			);
			defaultConfigurationIsVisible = 0;
			defaultConfigurationName = Release;
		};
		52C01BF91A8CE1280051975B /* Build configuration list for PBXNativeTarget "Horoscope" */ = {
			isa = XCConfigurationList;
			buildConfigurations = (
				52C01BFA1A8CE1280051975B /* Debug */,
				52C01BFB1A8CE1280051975B /* Release */,
			);
			defaultConfigurationIsVisible = 0;
		};
		52C01BFC1A8CE1280051975B /* Build configuration list for PBXNativeTarget "HoroscopeTests" */ = {
			isa = XCConfigurationList;
			buildConfigurations = (
				52C01BFD1A8CE1280051975B /* Debug */,
				52C01BFE1A8CE1280051975B /* Release */,
			);
			defaultConfigurationIsVisible = 0;
		};
/* End XCConfigurationList section */

/* Begin XCVersionGroup section */
		52C01BDD1A8CE1280051975B /* Horoscope.xcdatamodeld */ = {
			isa = XCVersionGroup;
			children = (
				52C01BDE1A8CE1280051975B /* Horoscope.xcdatamodel */,
			);
			currentVersion = 52C01BDE1A8CE1280051975B /* Horoscope.xcdatamodel */;
			path = Horoscope.xcdatamodeld;
			sourceTree = "<group>";
			versionGroupType = wrapper.xcdatamodel;
		};
/* End XCVersionGroup section */
	};
	rootObject = 52C01BCB1A8CE1280051975B /* Project object */;
}
